
Microsoft Visual Studio Solution File, Format Version 12.00
# Visual Studio Version 17
VisualStudioVersion = 17.10.35122.118
MinimumVisualStudioVersion = 10.0.40219.1
Project("{FAE04EC0-301F-11D3-BF4B-00C04F79EFBC}") = "GorevYonetimSistemi", "GorevYonetimSistemi\GorevYonetimSistemi.csproj", "{229CE5F9-6D59-40A4-B523-0CB73EC9C748}"
EndProject
Project("{2150E333-8FDC-42A3-9474-1A3956D46DE8}") = "GorevYS", "GorevYS", "{4FFFAF9D-9AA0-4CBA-9431-8CB32F366E12}"
EndProject
Global
	GlobalSection(SolutionConfigurationPlatforms) = preSolution
		Debug|Any CPU = Debug|Any CPU
		Release|Any CPU = Release|Any CPU
	EndGlobalSection
	GlobalSection(ProjectConfigurationPlatforms) = postSolution
		{229CE5F9-6D59-40A4-B523-0CB73EC9C748}.Debug|Any CPU.ActiveCfg = Debug|Any CPU
		{229CE5F9-6D59-40A4-B523-0CB73EC9C748}.Debug|Any CPU.Build.0 = Debug|Any CPU
		{229CE5F9-6D59-40A4-B523-0CB73EC9C748}.Release|Any CPU.ActiveCfg = Release|Any CPU
		{229CE5F9-6D59-40A4-B523-0CB73EC9C748}.Release|Any CPU.Build.0 = Release|Any CPU
	EndGlobalSection
	GlobalSection(SolutionProperties) = preSolution
		HideSolutionNode = FALSE
	EndGlobalSection
	GlobalSection(NestedProjects) = preSolution
		{229CE5F9-6D59-40A4-B523-0CB73EC9C748} = {4FFFAF9D-9AA0-4CBA-9431-8CB32F366E12}
	EndGlobalSection
	GlobalSection(ExtensibilityGlobals) = postSolution
		SolutionGuid = {A224F704-4BE0-447D-9EF9-566ED7C1DB92}
	EndGlobalSection
EndGlobal
